
Microsoft Visual Studio Solution File, Format Version 12.00
# Visual Studio Version 17
VisualStudioVersion = 17.4.33110.190
MinimumVisualStudioVersion = 10.0.40219.1
Project("{FAE04EC0-301F-11D3-BF4B-00C04F79EFBC}") = "LogicGateSimulator", "LogicGateSimulator\LogicGateSimulator.csproj", "{66E57DA1-5D2F-43B6-A3E3-C85578F71564}"
EndProject
Global
	GlobalSection(SolutionConfigurationPlatforms) = preSolution
		Debug|Any CPU = Debug|Any CPU
		Release|Any CPU = Release|Any CPU
	EndGlobalSection
	GlobalSection(ProjectConfigurationPlatforms) = postSolution
		{66E57DA1-5D2F-43B6-A3E3-C85578F71564}.Debug|Any CPU.ActiveCfg = Debug|Any CPU
		{66E57DA1-5D2F-43B6-A3E3-C85578F71564}.Debug|Any CPU.Build.0 = Debug|Any CPU
		{66E57DA1-5D2F-43B6-A3E3-C85578F71564}.Release|Any CPU.ActiveCfg = Release|Any CPU
		{66E57DA1-5D2F-43B6-A3E3-C85578F71564}.Release|Any CPU.Build.0 = Release|Any CPU
	EndGlobalSection
	GlobalSection(SolutionProperties) = preSolution
		HideSolutionNode = FALSE
	EndGlobalSection
	GlobalSection(ExtensibilityGlobals) = postSolution
		SolutionGuid = {19794BD7-4ADE-4CBE-9934-DF30D13930F7}
	EndGlobalSection
EndGlobal
